
Microsoft Visual Studio Solution File, Format Version 12.00
# Visual Studio Version 16
VisualStudioVersion = 16.0.32602.291
MinimumVisualStudioVersion = 10.0.40219.1
Project("{FAE04EC0-301F-11D3-BF4B-00C04F79EFBC}") = "linkedListDemo", "linkedListDemo.csproj", "{682CEDEE-32ED-43FC-B798-CB92FD9F946B}"
EndProject
Global
	GlobalSection(SolutionConfigurationPlatforms) = preSolution
		Debug|Any CPU = Debug|Any CPU
		Release|Any CPU = Release|Any CPU
	EndGlobalSection
	GlobalSection(ProjectConfigurationPlatforms) = postSolution
		{682CEDEE-32ED-43FC-B798-CB92FD9F946B}.Debug|Any CPU.ActiveCfg = Debug|Any CPU
		{682CEDEE-32ED-43FC-B798-CB92FD9F946B}.Debug|Any CPU.Build.0 = Debug|Any CPU
		{682CEDEE-32ED-43FC-B798-CB92FD9F946B}.Release|Any CPU.ActiveCfg = Release|Any CPU
		{682CEDEE-32ED-43FC-B798-CB92FD9F946B}.Release|Any CPU.Build.0 = Release|Any CPU
	EndGlobalSection
	GlobalSection(SolutionProperties) = preSolution
		HideSolutionNode = FALSE
	EndGlobalSection
	GlobalSection(ExtensibilityGlobals) = postSolution
		SolutionGuid = {0B6460FA-CD48-4CB7-BAFD-229FCA1F64A7}
	EndGlobalSection
EndGlobal
