
Microsoft Visual Studio Solution File, Format Version 12.00
# Visual Studio Version 16
VisualStudioVersion = 16.0.32602.291
MinimumVisualStudioVersion = 10.0.40219.1
Project("{FAE04EC0-301F-11D3-BF4B-00C04F79EFBC}") = "3_tier_Asp", "3_tier_Asp.csproj", "{37FECDFA-E8C1-477E-B670-562178A838CD}"
EndProject
Project("{FAE04EC0-301F-11D3-BF4B-00C04F79EFBC}") = "BAL", "..\BAL\BAL.csproj", "{834959F7-CEB1-45A1-968D-28467A63C5FB}"
EndProject
Project("{FAE04EC0-301F-11D3-BF4B-00C04F79EFBC}") = "DAL", "..\DAL_Layer\DAL.csproj", "{F8B5FF7C-F220-4CBE-821C-E1CBBDCEF82B}"
EndProject
Global
	GlobalSection(SolutionConfigurationPlatforms) = preSolution
		Debug|Any CPU = Debug|Any CPU
		Release|Any CPU = Release|Any CPU
	EndGlobalSection
	GlobalSection(ProjectConfigurationPlatforms) = postSolution
		{37FECDFA-E8C1-477E-B670-562178A838CD}.Debug|Any CPU.ActiveCfg = Debug|Any CPU
		{37FECDFA-E8C1-477E-B670-562178A838CD}.Debug|Any CPU.Build.0 = Debug|Any CPU
		{37FECDFA-E8C1-477E-B670-562178A838CD}.Release|Any CPU.ActiveCfg = Release|Any CPU
		{37FECDFA-E8C1-477E-B670-562178A838CD}.Release|Any CPU.Build.0 = Release|Any CPU
		{834959F7-CEB1-45A1-968D-28467A63C5FB}.Debug|Any CPU.ActiveCfg = Debug|Any CPU
		{834959F7-CEB1-45A1-968D-28467A63C5FB}.Debug|Any CPU.Build.0 = Debug|Any CPU
		{834959F7-CEB1-45A1-968D-28467A63C5FB}.Release|Any CPU.ActiveCfg = Release|Any CPU
		{834959F7-CEB1-45A1-968D-28467A63C5FB}.Release|Any CPU.Build.0 = Release|Any CPU
		{F8B5FF7C-F220-4CBE-821C-E1CBBDCEF82B}.Debug|Any CPU.ActiveCfg = Debug|Any CPU
		{F8B5FF7C-F220-4CBE-821C-E1CBBDCEF82B}.Debug|Any CPU.Build.0 = Debug|Any CPU
		{F8B5FF7C-F220-4CBE-821C-E1CBBDCEF82B}.Release|Any CPU.ActiveCfg = Release|Any CPU
		{F8B5FF7C-F220-4CBE-821C-E1CBBDCEF82B}.Release|Any CPU.Build.0 = Release|Any CPU
	EndGlobalSection
	GlobalSection(SolutionProperties) = preSolution
		HideSolutionNode = FALSE
	EndGlobalSection
	GlobalSection(ExtensibilityGlobals) = postSolution
		SolutionGuid = {8C5F387B-6CEA-4BE5-A33B-15515BC20C29}
	EndGlobalSection
EndGlobal
