
Microsoft Visual Studio Solution File, Format Version 12.00
# Visual Studio Version 16
VisualStudioVersion = 16.0.32602.291
MinimumVisualStudioVersion = 10.0.40219.1
Project("{FAE04EC0-301F-11D3-BF4B-00C04F79EFBC}") = "ConsoleAppAssignment", "ConsoleAppAssignment.csproj", "{0764CEE8-7CC4-48D7-A381-4C3F47CDDC1F}"
EndProject
Global
	GlobalSection(SolutionConfigurationPlatforms) = preSolution
		Debug|Any CPU = Debug|Any CPU
		Release|Any CPU = Release|Any CPU
	EndGlobalSection
	GlobalSection(ProjectConfigurationPlatforms) = postSolution
		{0764CEE8-7CC4-48D7-A381-4C3F47CDDC1F}.Debug|Any CPU.ActiveCfg = Debug|Any CPU
		{0764CEE8-7CC4-48D7-A381-4C3F47CDDC1F}.Debug|Any CPU.Build.0 = Debug|Any CPU
		{0764CEE8-7CC4-48D7-A381-4C3F47CDDC1F}.Release|Any CPU.ActiveCfg = Release|Any CPU
		{0764CEE8-7CC4-48D7-A381-4C3F47CDDC1F}.Release|Any CPU.Build.0 = Release|Any CPU
	EndGlobalSection
	GlobalSection(SolutionProperties) = preSolution
		HideSolutionNode = FALSE
	EndGlobalSection
	GlobalSection(ExtensibilityGlobals) = postSolution
		SolutionGuid = {093B997A-6616-4211-BE83-49DE51D438F6}
	EndGlobalSection
EndGlobal
