
Microsoft Visual Studio Solution File, Format Version 12.00
# Visual Studio Version 16
VisualStudioVersion = 16.0.32630.194
MinimumVisualStudioVersion = 10.0.40219.1
Project("{FAE04EC0-301F-11D3-BF4B-00C04F79EFBC}") = "ConsoleApp1_Gemeric delegate", "ConsoleApp1_Gemeric delegate.csproj", "{C8B9D384-256A-4C99-AABA-B6E4022AE01B}"
EndProject
Global
	GlobalSection(SolutionConfigurationPlatforms) = preSolution
		Debug|Any CPU = Debug|Any CPU
		Release|Any CPU = Release|Any CPU
	EndGlobalSection
	GlobalSection(ProjectConfigurationPlatforms) = postSolution
		{C8B9D384-256A-4C99-AABA-B6E4022AE01B}.Debug|Any CPU.ActiveCfg = Debug|Any CPU
		{C8B9D384-256A-4C99-AABA-B6E4022AE01B}.Debug|Any CPU.Build.0 = Debug|Any CPU
		{C8B9D384-256A-4C99-AABA-B6E4022AE01B}.Release|Any CPU.ActiveCfg = Release|Any CPU
		{C8B9D384-256A-4C99-AABA-B6E4022AE01B}.Release|Any CPU.Build.0 = Release|Any CPU
	EndGlobalSection
	GlobalSection(SolutionProperties) = preSolution
		HideSolutionNode = FALSE
	EndGlobalSection
	GlobalSection(ExtensibilityGlobals) = postSolution
		SolutionGuid = {63BE6269-C3EE-45DD-9457-940A69E4D12E}
	EndGlobalSection
EndGlobal
