
Microsoft Visual Studio Solution File, Format Version 12.00
# Visual Studio Version 16
VisualStudioVersion = 16.0.32602.291
MinimumVisualStudioVersion = 10.0.40219.1
Project("{FAE04EC0-301F-11D3-BF4B-00C04F79EFBC}") = "SqlDataAdapterDemo", "SqlDataAdapterDemo.csproj", "{8AF40847-8312-4A08-B66A-8EE07B7D8736}"
EndProject
Project("{FAE04EC0-301F-11D3-BF4B-00C04F79EFBC}") = "TestDAL", "..\TestDAL\TestDAL.csproj", "{B8A5BF21-E849-4F8C-B080-02CABB52109F}"
EndProject
Project("{FAE04EC0-301F-11D3-BF4B-00C04F79EFBC}") = "BALTest", "..\BALTest\BALTest.csproj", "{C48AA983-DC85-4002-8D0C-33C0B9328B6A}"
EndProject
Global
	GlobalSection(SolutionConfigurationPlatforms) = preSolution
		Debug|Any CPU = Debug|Any CPU
		Release|Any CPU = Release|Any CPU
	EndGlobalSection
	GlobalSection(ProjectConfigurationPlatforms) = postSolution
		{8AF40847-8312-4A08-B66A-8EE07B7D8736}.Debug|Any CPU.ActiveCfg = Debug|Any CPU
		{8AF40847-8312-4A08-B66A-8EE07B7D8736}.Debug|Any CPU.Build.0 = Debug|Any CPU
		{8AF40847-8312-4A08-B66A-8EE07B7D8736}.Release|Any CPU.ActiveCfg = Release|Any CPU
		{8AF40847-8312-4A08-B66A-8EE07B7D8736}.Release|Any CPU.Build.0 = Release|Any CPU
		{B8A5BF21-E849-4F8C-B080-02CABB52109F}.Debug|Any CPU.ActiveCfg = Debug|Any CPU
		{B8A5BF21-E849-4F8C-B080-02CABB52109F}.Debug|Any CPU.Build.0 = Debug|Any CPU
		{B8A5BF21-E849-4F8C-B080-02CABB52109F}.Release|Any CPU.ActiveCfg = Release|Any CPU
		{B8A5BF21-E849-4F8C-B080-02CABB52109F}.Release|Any CPU.Build.0 = Release|Any CPU
		{C48AA983-DC85-4002-8D0C-33C0B9328B6A}.Debug|Any CPU.ActiveCfg = Debug|Any CPU
		{C48AA983-DC85-4002-8D0C-33C0B9328B6A}.Debug|Any CPU.Build.0 = Debug|Any CPU
		{C48AA983-DC85-4002-8D0C-33C0B9328B6A}.Release|Any CPU.ActiveCfg = Release|Any CPU
		{C48AA983-DC85-4002-8D0C-33C0B9328B6A}.Release|Any CPU.Build.0 = Release|Any CPU
	EndGlobalSection
	GlobalSection(SolutionProperties) = preSolution
		HideSolutionNode = FALSE
	EndGlobalSection
	GlobalSection(ExtensibilityGlobals) = postSolution
		SolutionGuid = {3DCE40E3-B12E-4CA7-8595-3322077200CF}
	EndGlobalSection
EndGlobal
