
Microsoft Visual Studio Solution File, Format Version 12.00
# Visual Studio Version 16
VisualStudioVersion = 16.0.32602.291
MinimumVisualStudioVersion = 10.0.40219.1
Project("{FAE04EC0-301F-11D3-BF4B-00C04F79EFBC}") = "Code_Assessment_7_Asp.net_Mvc", "Code_Assessment_7_Asp.net_Mvc.csproj", "{93EBEAF1-5D19-4E44-8E46-3CE6DCF3FF5D}"
EndProject
Global
	GlobalSection(SolutionConfigurationPlatforms) = preSolution
		Debug|Any CPU = Debug|Any CPU
		Release|Any CPU = Release|Any CPU
	EndGlobalSection
	GlobalSection(ProjectConfigurationPlatforms) = postSolution
		{93EBEAF1-5D19-4E44-8E46-3CE6DCF3FF5D}.Debug|Any CPU.ActiveCfg = Debug|Any CPU
		{93EBEAF1-5D19-4E44-8E46-3CE6DCF3FF5D}.Debug|Any CPU.Build.0 = Debug|Any CPU
		{93EBEAF1-5D19-4E44-8E46-3CE6DCF3FF5D}.Release|Any CPU.ActiveCfg = Release|Any CPU
		{93EBEAF1-5D19-4E44-8E46-3CE6DCF3FF5D}.Release|Any CPU.Build.0 = Release|Any CPU
	EndGlobalSection
	GlobalSection(SolutionProperties) = preSolution
		HideSolutionNode = FALSE
	EndGlobalSection
	GlobalSection(ExtensibilityGlobals) = postSolution
		SolutionGuid = {ADD1D994-E3FE-4316-AF0D-4197DFBD0EDF}
	EndGlobalSection
EndGlobal
