
Microsoft Visual Studio Solution File, Format Version 12.00
# Visual Studio Version 16
VisualStudioVersion = 16.0.32602.291
MinimumVisualStudioVersion = 10.0.40219.1
Project("{FAE04EC0-301F-11D3-BF4B-00C04F79EFBC}") = "ManyFunctionOneDelegate", "ManyFunctionOneDelegate.csproj", "{223CB118-B984-49C7-AB0C-7DD4F9273CB7}"
EndProject
Global
	GlobalSection(SolutionConfigurationPlatforms) = preSolution
		Debug|Any CPU = Debug|Any CPU
		Release|Any CPU = Release|Any CPU
	EndGlobalSection
	GlobalSection(ProjectConfigurationPlatforms) = postSolution
		{223CB118-B984-49C7-AB0C-7DD4F9273CB7}.Debug|Any CPU.ActiveCfg = Debug|Any CPU
		{223CB118-B984-49C7-AB0C-7DD4F9273CB7}.Debug|Any CPU.Build.0 = Debug|Any CPU
		{223CB118-B984-49C7-AB0C-7DD4F9273CB7}.Release|Any CPU.ActiveCfg = Release|Any CPU
		{223CB118-B984-49C7-AB0C-7DD4F9273CB7}.Release|Any CPU.Build.0 = Release|Any CPU
	EndGlobalSection
	GlobalSection(SolutionProperties) = preSolution
		HideSolutionNode = FALSE
	EndGlobalSection
	GlobalSection(ExtensibilityGlobals) = postSolution
		SolutionGuid = {0FF5DCDF-99BD-42C3-91E8-5356D4359B26}
	EndGlobalSection
EndGlobal
