
Microsoft Visual Studio Solution File, Format Version 12.00
# Visual Studio Version 16
VisualStudioVersion = 16.0.32602.291
MinimumVisualStudioVersion = 10.0.40219.1
Project("{FAE04EC0-301F-11D3-BF4B-00C04F79EFBC}") = "EFEntitycf", "EFEntitycf.csproj", "{8B66E313-6EAD-4BEA-B847-34702BB157AD}"
EndProject
Global
	GlobalSection(SolutionConfigurationPlatforms) = preSolution
		Debug|Any CPU = Debug|Any CPU
		Release|Any CPU = Release|Any CPU
	EndGlobalSection
	GlobalSection(ProjectConfigurationPlatforms) = postSolution
		{8B66E313-6EAD-4BEA-B847-34702BB157AD}.Debug|Any CPU.ActiveCfg = Debug|Any CPU
		{8B66E313-6EAD-4BEA-B847-34702BB157AD}.Debug|Any CPU.Build.0 = Debug|Any CPU
		{8B66E313-6EAD-4BEA-B847-34702BB157AD}.Release|Any CPU.ActiveCfg = Release|Any CPU
		{8B66E313-6EAD-4BEA-B847-34702BB157AD}.Release|Any CPU.Build.0 = Release|Any CPU
	EndGlobalSection
	GlobalSection(SolutionProperties) = preSolution
		HideSolutionNode = FALSE
	EndGlobalSection
	GlobalSection(ExtensibilityGlobals) = postSolution
		SolutionGuid = {EC14AA46-47E1-47CA-A126-D815FA82E74D}
	EndGlobalSection
EndGlobal
