
Microsoft Visual Studio Solution File, Format Version 12.00
# Visual Studio Version 16
VisualStudioVersion = 16.0.32602.291
MinimumVisualStudioVersion = 10.0.40219.1
Project("{FAE04EC0-301F-11D3-BF4B-00C04F79EFBC}") = "CalcApp", "CalcApp.csproj", "{9BEE6F8B-6C45-4305-90A5-77807EC98677}"
EndProject
Project("{FAE04EC0-301F-11D3-BF4B-00C04F79EFBC}") = "CalcAppUnitTest", "..\UnitTestProject1\CalcAppUnitTest.csproj", "{AB96F3A7-30C2-49EE-AE49-E15ACF22F45A}"
EndProject
Global
	GlobalSection(SolutionConfigurationPlatforms) = preSolution
		Debug|Any CPU = Debug|Any CPU
		Release|Any CPU = Release|Any CPU
	EndGlobalSection
	GlobalSection(ProjectConfigurationPlatforms) = postSolution
		{9BEE6F8B-6C45-4305-90A5-77807EC98677}.Debug|Any CPU.ActiveCfg = Debug|Any CPU
		{9BEE6F8B-6C45-4305-90A5-77807EC98677}.Debug|Any CPU.Build.0 = Debug|Any CPU
		{9BEE6F8B-6C45-4305-90A5-77807EC98677}.Release|Any CPU.ActiveCfg = Release|Any CPU
		{9BEE6F8B-6C45-4305-90A5-77807EC98677}.Release|Any CPU.Build.0 = Release|Any CPU
		{AB96F3A7-30C2-49EE-AE49-E15ACF22F45A}.Debug|Any CPU.ActiveCfg = Debug|Any CPU
		{AB96F3A7-30C2-49EE-AE49-E15ACF22F45A}.Debug|Any CPU.Build.0 = Debug|Any CPU
		{AB96F3A7-30C2-49EE-AE49-E15ACF22F45A}.Release|Any CPU.ActiveCfg = Release|Any CPU
		{AB96F3A7-30C2-49EE-AE49-E15ACF22F45A}.Release|Any CPU.Build.0 = Release|Any CPU
	EndGlobalSection
	GlobalSection(SolutionProperties) = preSolution
		HideSolutionNode = FALSE
	EndGlobalSection
	GlobalSection(ExtensibilityGlobals) = postSolution
		SolutionGuid = {DAC5820D-ABBC-4CD7-8A8D-0006F1F3792D}
	EndGlobalSection
EndGlobal
