
Microsoft Visual Studio Solution File, Format Version 12.00
# Visual Studio Version 16
VisualStudioVersion = 16.0.32602.291
MinimumVisualStudioVersion = 10.0.40219.1
Project("{FAE04EC0-301F-11D3-BF4B-00C04F79EFBC}") = "CustomException", "CustomException.csproj", "{F5E40929-E022-4CCB-96F1-DA81DFB1D477}"
EndProject
Global
	GlobalSection(SolutionConfigurationPlatforms) = preSolution
		Debug|Any CPU = Debug|Any CPU
		Release|Any CPU = Release|Any CPU
	EndGlobalSection
	GlobalSection(ProjectConfigurationPlatforms) = postSolution
		{F5E40929-E022-4CCB-96F1-DA81DFB1D477}.Debug|Any CPU.ActiveCfg = Debug|Any CPU
		{F5E40929-E022-4CCB-96F1-DA81DFB1D477}.Debug|Any CPU.Build.0 = Debug|Any CPU
		{F5E40929-E022-4CCB-96F1-DA81DFB1D477}.Release|Any CPU.ActiveCfg = Release|Any CPU
		{F5E40929-E022-4CCB-96F1-DA81DFB1D477}.Release|Any CPU.Build.0 = Release|Any CPU
	EndGlobalSection
	GlobalSection(SolutionProperties) = preSolution
		HideSolutionNode = FALSE
	EndGlobalSection
	GlobalSection(ExtensibilityGlobals) = postSolution
		SolutionGuid = {1683EC9F-E063-4507-A4B7-69D82745F3E3}
	EndGlobalSection
EndGlobal
