
Microsoft Visual Studio Solution File, Format Version 12.00
# Visual Studio Version 16
VisualStudioVersion = 16.0.32602.291
MinimumVisualStudioVersion = 10.0.40219.1
Project("{FAE04EC0-301F-11D3-BF4B-00C04F79EFBC}") = "CustomExceptionTask_8-5-22", "CustomExceptionTask_8-5-22.csproj", "{4CFC336C-1934-45F9-9261-903B80C79625}"
EndProject
Global
	GlobalSection(SolutionConfigurationPlatforms) = preSolution
		Debug|Any CPU = Debug|Any CPU
		Release|Any CPU = Release|Any CPU
	EndGlobalSection
	GlobalSection(ProjectConfigurationPlatforms) = postSolution
		{4CFC336C-1934-45F9-9261-903B80C79625}.Debug|Any CPU.ActiveCfg = Debug|Any CPU
		{4CFC336C-1934-45F9-9261-903B80C79625}.Debug|Any CPU.Build.0 = Debug|Any CPU
		{4CFC336C-1934-45F9-9261-903B80C79625}.Release|Any CPU.ActiveCfg = Release|Any CPU
		{4CFC336C-1934-45F9-9261-903B80C79625}.Release|Any CPU.Build.0 = Release|Any CPU
	EndGlobalSection
	GlobalSection(SolutionProperties) = preSolution
		HideSolutionNode = FALSE
	EndGlobalSection
	GlobalSection(ExtensibilityGlobals) = postSolution
		SolutionGuid = {2694BF56-FCDD-414B-88C8-689F1B9351EF}
	EndGlobalSection
EndGlobal
