
Microsoft Visual Studio Solution File, Format Version 12.00
# Visual Studio Version 16
VisualStudioVersion = 16.0.32602.291
MinimumVisualStudioVersion = 10.0.40219.1
Project("{FAE04EC0-301F-11D3-BF4B-00C04F79EFBC}") = "WebApplicationTier3ConnectionClass", "WebApplicationTier3ConnectionClass.csproj", "{27330945-216C-47F8-B377-98000F827B5A}"
EndProject
Project("{FAE04EC0-301F-11D3-BF4B-00C04F79EFBC}") = "BAL_Layer", "..\BAL_Layer\BAL_Layer.csproj", "{1587EE9F-0C41-4A40-A580-F70932CC5A1A}"
EndProject
Project("{FAE04EC0-301F-11D3-BF4B-00C04F79EFBC}") = "DAL_L", "..\DAL_L\DAL_L.csproj", "{FB77669C-1227-49E5-9E6B-6F365E86E2B6}"
EndProject
Global
	GlobalSection(SolutionConfigurationPlatforms) = preSolution
		Debug|Any CPU = Debug|Any CPU
		Release|Any CPU = Release|Any CPU
	EndGlobalSection
	GlobalSection(ProjectConfigurationPlatforms) = postSolution
		{27330945-216C-47F8-B377-98000F827B5A}.Debug|Any CPU.ActiveCfg = Debug|Any CPU
		{27330945-216C-47F8-B377-98000F827B5A}.Debug|Any CPU.Build.0 = Debug|Any CPU
		{27330945-216C-47F8-B377-98000F827B5A}.Release|Any CPU.ActiveCfg = Release|Any CPU
		{27330945-216C-47F8-B377-98000F827B5A}.Release|Any CPU.Build.0 = Release|Any CPU
		{1587EE9F-0C41-4A40-A580-F70932CC5A1A}.Debug|Any CPU.ActiveCfg = Debug|Any CPU
		{1587EE9F-0C41-4A40-A580-F70932CC5A1A}.Debug|Any CPU.Build.0 = Debug|Any CPU
		{1587EE9F-0C41-4A40-A580-F70932CC5A1A}.Release|Any CPU.ActiveCfg = Release|Any CPU
		{1587EE9F-0C41-4A40-A580-F70932CC5A1A}.Release|Any CPU.Build.0 = Release|Any CPU
		{FB77669C-1227-49E5-9E6B-6F365E86E2B6}.Debug|Any CPU.ActiveCfg = Debug|Any CPU
		{FB77669C-1227-49E5-9E6B-6F365E86E2B6}.Debug|Any CPU.Build.0 = Debug|Any CPU
		{FB77669C-1227-49E5-9E6B-6F365E86E2B6}.Release|Any CPU.ActiveCfg = Release|Any CPU
		{FB77669C-1227-49E5-9E6B-6F365E86E2B6}.Release|Any CPU.Build.0 = Release|Any CPU
	EndGlobalSection
	GlobalSection(SolutionProperties) = preSolution
		HideSolutionNode = FALSE
	EndGlobalSection
	GlobalSection(ExtensibilityGlobals) = postSolution
		SolutionGuid = {72072556-E706-440D-A5B0-CA93E4672746}
	EndGlobalSection
EndGlobal
