
Microsoft Visual Studio Solution File, Format Version 12.00
# Visual Studio Version 16
VisualStudioVersion = 16.0.32602.291
MinimumVisualStudioVersion = 10.0.40219.1
Project("{FAE04EC0-301F-11D3-BF4B-00C04F79EFBC}") = "WebApplication2", "WebApplication2.csproj", "{255DA176-9502-4CF9-B0CB-83EC01907D52}"
EndProject
Global
	GlobalSection(SolutionConfigurationPlatforms) = preSolution
		Debug|Any CPU = Debug|Any CPU
		Release|Any CPU = Release|Any CPU
	EndGlobalSection
	GlobalSection(ProjectConfigurationPlatforms) = postSolution
		{255DA176-9502-4CF9-B0CB-83EC01907D52}.Debug|Any CPU.ActiveCfg = Debug|Any CPU
		{255DA176-9502-4CF9-B0CB-83EC01907D52}.Debug|Any CPU.Build.0 = Debug|Any CPU
		{255DA176-9502-4CF9-B0CB-83EC01907D52}.Release|Any CPU.ActiveCfg = Release|Any CPU
		{255DA176-9502-4CF9-B0CB-83EC01907D52}.Release|Any CPU.Build.0 = Release|Any CPU
	EndGlobalSection
	GlobalSection(SolutionProperties) = preSolution
		HideSolutionNode = FALSE
	EndGlobalSection
	GlobalSection(ExtensibilityGlobals) = postSolution
		SolutionGuid = {0AED5BC4-172C-4675-8FAC-962F4FE9BBC8}
	EndGlobalSection
EndGlobal
