
Microsoft Visual Studio Solution File, Format Version 12.00
# Visual Studio Version 16
VisualStudioVersion = 16.0.32602.291
MinimumVisualStudioVersion = 10.0.40219.1
Project("{FAE04EC0-301F-11D3-BF4B-00C04F79EFBC}") = "EmployeeRegistrationMvc", "EmployeeRegistrationMvc.csproj", "{6B174401-5D02-40C6-A8B2-3875C4A07DBA}"
EndProject
Global
	GlobalSection(SolutionConfigurationPlatforms) = preSolution
		Debug|Any CPU = Debug|Any CPU
		Release|Any CPU = Release|Any CPU
	EndGlobalSection
	GlobalSection(ProjectConfigurationPlatforms) = postSolution
		{6B174401-5D02-40C6-A8B2-3875C4A07DBA}.Debug|Any CPU.ActiveCfg = Debug|Any CPU
		{6B174401-5D02-40C6-A8B2-3875C4A07DBA}.Debug|Any CPU.Build.0 = Debug|Any CPU
		{6B174401-5D02-40C6-A8B2-3875C4A07DBA}.Release|Any CPU.ActiveCfg = Release|Any CPU
		{6B174401-5D02-40C6-A8B2-3875C4A07DBA}.Release|Any CPU.Build.0 = Release|Any CPU
	EndGlobalSection
	GlobalSection(SolutionProperties) = preSolution
		HideSolutionNode = FALSE
	EndGlobalSection
	GlobalSection(ExtensibilityGlobals) = postSolution
		SolutionGuid = {9594FB3C-6F90-46A3-9309-DECEDC942122}
	EndGlobalSection
EndGlobal
