
Microsoft Visual Studio Solution File, Format Version 12.00
# Visual Studio Version 16
VisualStudioVersion = 16.0.32602.291
MinimumVisualStudioVersion = 10.0.40219.1
Project("{FAE04EC0-301F-11D3-BF4B-00C04F79EFBC}") = "StackDemo", "StackDemo.csproj", "{78BE2B43-E733-43D0-8123-89CA3CBD6514}"
EndProject
Global
	GlobalSection(SolutionConfigurationPlatforms) = preSolution
		Debug|Any CPU = Debug|Any CPU
		Release|Any CPU = Release|Any CPU
	EndGlobalSection
	GlobalSection(ProjectConfigurationPlatforms) = postSolution
		{78BE2B43-E733-43D0-8123-89CA3CBD6514}.Debug|Any CPU.ActiveCfg = Debug|Any CPU
		{78BE2B43-E733-43D0-8123-89CA3CBD6514}.Debug|Any CPU.Build.0 = Debug|Any CPU
		{78BE2B43-E733-43D0-8123-89CA3CBD6514}.Release|Any CPU.ActiveCfg = Release|Any CPU
		{78BE2B43-E733-43D0-8123-89CA3CBD6514}.Release|Any CPU.Build.0 = Release|Any CPU
	EndGlobalSection
	GlobalSection(SolutionProperties) = preSolution
		HideSolutionNode = FALSE
	EndGlobalSection
	GlobalSection(ExtensibilityGlobals) = postSolution
		SolutionGuid = {5E2F92F1-E742-43AB-9501-7E0D6C7E5A49}
	EndGlobalSection
EndGlobal
