
Microsoft Visual Studio Solution File, Format Version 12.00
# Visual Studio Version 16
VisualStudioVersion = 16.0.32602.291
MinimumVisualStudioVersion = 10.0.40219.1
Project("{FAE04EC0-301F-11D3-BF4B-00C04F79EFBC}") = "AssessmentTestMonday", "AssessmentTestMonday.csproj", "{0ACDB6A7-A9F0-4F14-BC2E-04EAFA033D29}"
EndProject
Project("{FAE04EC0-301F-11D3-BF4B-00C04F79EFBC}") = "AssessmentMvc1", "..\AssessmentMvc1\AssessmentMvc1.csproj", "{A93992C3-47A7-444B-905A-98588C364C4E}"
EndProject
Global
	GlobalSection(SolutionConfigurationPlatforms) = preSolution
		Debug|Any CPU = Debug|Any CPU
		Release|Any CPU = Release|Any CPU
	EndGlobalSection
	GlobalSection(ProjectConfigurationPlatforms) = postSolution
		{0ACDB6A7-A9F0-4F14-BC2E-04EAFA033D29}.Debug|Any CPU.ActiveCfg = Debug|Any CPU
		{0ACDB6A7-A9F0-4F14-BC2E-04EAFA033D29}.Debug|Any CPU.Build.0 = Debug|Any CPU
		{0ACDB6A7-A9F0-4F14-BC2E-04EAFA033D29}.Release|Any CPU.ActiveCfg = Release|Any CPU
		{0ACDB6A7-A9F0-4F14-BC2E-04EAFA033D29}.Release|Any CPU.Build.0 = Release|Any CPU
		{A93992C3-47A7-444B-905A-98588C364C4E}.Debug|Any CPU.ActiveCfg = Debug|Any CPU
		{A93992C3-47A7-444B-905A-98588C364C4E}.Debug|Any CPU.Build.0 = Debug|Any CPU
		{A93992C3-47A7-444B-905A-98588C364C4E}.Release|Any CPU.ActiveCfg = Release|Any CPU
		{A93992C3-47A7-444B-905A-98588C364C4E}.Release|Any CPU.Build.0 = Release|Any CPU
	EndGlobalSection
	GlobalSection(SolutionProperties) = preSolution
		HideSolutionNode = FALSE
	EndGlobalSection
	GlobalSection(ExtensibilityGlobals) = postSolution
		SolutionGuid = {BABB2CDE-8D33-498D-A3BB-A391310100C3}
	EndGlobalSection
EndGlobal
