
Microsoft Visual Studio Solution File, Format Version 12.00
# Visual Studio Version 16
VisualStudioVersion = 16.0.32602.291
MinimumVisualStudioVersion = 10.0.40219.1
Project("{FAE04EC0-301F-11D3-BF4B-00C04F79EFBC}") = "MVCPractical", "MVCPractical.csproj", "{9DBEE4E8-95E7-4648-BFB9-BCF3C518D461}"
EndProject
Global
	GlobalSection(SolutionConfigurationPlatforms) = preSolution
		Debug|Any CPU = Debug|Any CPU
		Release|Any CPU = Release|Any CPU
	EndGlobalSection
	GlobalSection(ProjectConfigurationPlatforms) = postSolution
		{9DBEE4E8-95E7-4648-BFB9-BCF3C518D461}.Debug|Any CPU.ActiveCfg = Debug|Any CPU
		{9DBEE4E8-95E7-4648-BFB9-BCF3C518D461}.Debug|Any CPU.Build.0 = Debug|Any CPU
		{9DBEE4E8-95E7-4648-BFB9-BCF3C518D461}.Release|Any CPU.ActiveCfg = Release|Any CPU
		{9DBEE4E8-95E7-4648-BFB9-BCF3C518D461}.Release|Any CPU.Build.0 = Release|Any CPU
	EndGlobalSection
	GlobalSection(SolutionProperties) = preSolution
		HideSolutionNode = FALSE
	EndGlobalSection
	GlobalSection(ExtensibilityGlobals) = postSolution
		SolutionGuid = {BC245198-ED41-456A-9668-ADB7C0ED288B}
	EndGlobalSection
EndGlobal
