
Microsoft Visual Studio Solution File, Format Version 12.00
# Visual Studio Version 16
VisualStudioVersion = 16.0.32602.291
MinimumVisualStudioVersion = 10.0.40219.1
Project("{9A19103F-16F7-4668-BE54-9A1E7A4F7556}") = "EncapsulationDemo", "EncapsulationDemo.csproj", "{01CAEF06-B4D3-4848-8E6C-E68D43824B65}"
EndProject
Global
	GlobalSection(SolutionConfigurationPlatforms) = preSolution
		Debug|Any CPU = Debug|Any CPU
		Release|Any CPU = Release|Any CPU
	EndGlobalSection
	GlobalSection(ProjectConfigurationPlatforms) = postSolution
		{01CAEF06-B4D3-4848-8E6C-E68D43824B65}.Debug|Any CPU.ActiveCfg = Debug|Any CPU
		{01CAEF06-B4D3-4848-8E6C-E68D43824B65}.Debug|Any CPU.Build.0 = Debug|Any CPU
		{01CAEF06-B4D3-4848-8E6C-E68D43824B65}.Release|Any CPU.ActiveCfg = Release|Any CPU
		{01CAEF06-B4D3-4848-8E6C-E68D43824B65}.Release|Any CPU.Build.0 = Release|Any CPU
	EndGlobalSection
	GlobalSection(SolutionProperties) = preSolution
		HideSolutionNode = FALSE
	EndGlobalSection
	GlobalSection(ExtensibilityGlobals) = postSolution
		SolutionGuid = {15C219DD-AB7C-4031-90E7-E29CBCD17FDD}
	EndGlobalSection
EndGlobal
