
Microsoft Visual Studio Solution File, Format Version 12.00
# Visual Studio Version 16
VisualStudioVersion = 16.0.32602.291
MinimumVisualStudioVersion = 10.0.40219.1
Project("{FAE04EC0-301F-11D3-BF4B-00C04F79EFBC}") = "Demo5", "Demo5.csproj", "{329470B6-B4C5-45CC-ACFE-3D8B8F8A6AE0}"
EndProject
Global
	GlobalSection(SolutionConfigurationPlatforms) = preSolution
		Debug|Any CPU = Debug|Any CPU
		Release|Any CPU = Release|Any CPU
	EndGlobalSection
	GlobalSection(ProjectConfigurationPlatforms) = postSolution
		{329470B6-B4C5-45CC-ACFE-3D8B8F8A6AE0}.Debug|Any CPU.ActiveCfg = Debug|Any CPU
		{329470B6-B4C5-45CC-ACFE-3D8B8F8A6AE0}.Debug|Any CPU.Build.0 = Debug|Any CPU
		{329470B6-B4C5-45CC-ACFE-3D8B8F8A6AE0}.Release|Any CPU.ActiveCfg = Release|Any CPU
		{329470B6-B4C5-45CC-ACFE-3D8B8F8A6AE0}.Release|Any CPU.Build.0 = Release|Any CPU
	EndGlobalSection
	GlobalSection(SolutionProperties) = preSolution
		HideSolutionNode = FALSE
	EndGlobalSection
	GlobalSection(ExtensibilityGlobals) = postSolution
		SolutionGuid = {EC75D16C-3286-4864-B64A-B0B400BC5878}
	EndGlobalSection
EndGlobal
