
Microsoft Visual Studio Solution File, Format Version 12.00
# Visual Studio Version 16
VisualStudioVersion = 16.0.32602.291
MinimumVisualStudioVersion = 10.0.40219.1
Project("{FAE04EC0-301F-11D3-BF4B-00C04F79EFBC}") = "Presentation Layer", "Presentation Layer.csproj", "{B856C12C-EF2E-4989-9B68-5A1E502AAD92}"
EndProject
Project("{FAE04EC0-301F-11D3-BF4B-00C04F79EFBC}") = "Data Link Layer", "..\ClassLibrary1\Data Link Layer.csproj", "{2C0A0EB6-0B03-4227-93F1-6873A9476A2A}"
EndProject
Project("{FAE04EC0-301F-11D3-BF4B-00C04F79EFBC}") = "Business Layer", "..\ClassLibrary2\Business Layer.csproj", "{FB7DD189-2F62-4D6D-8109-78702E360ECE}"
EndProject
Global
	GlobalSection(SolutionConfigurationPlatforms) = preSolution
		Debug|Any CPU = Debug|Any CPU
		Release|Any CPU = Release|Any CPU
	EndGlobalSection
	GlobalSection(ProjectConfigurationPlatforms) = postSolution
		{B856C12C-EF2E-4989-9B68-5A1E502AAD92}.Debug|Any CPU.ActiveCfg = Debug|Any CPU
		{B856C12C-EF2E-4989-9B68-5A1E502AAD92}.Debug|Any CPU.Build.0 = Debug|Any CPU
		{B856C12C-EF2E-4989-9B68-5A1E502AAD92}.Release|Any CPU.ActiveCfg = Release|Any CPU
		{B856C12C-EF2E-4989-9B68-5A1E502AAD92}.Release|Any CPU.Build.0 = Release|Any CPU
		{2C0A0EB6-0B03-4227-93F1-6873A9476A2A}.Debug|Any CPU.ActiveCfg = Debug|Any CPU
		{2C0A0EB6-0B03-4227-93F1-6873A9476A2A}.Debug|Any CPU.Build.0 = Debug|Any CPU
		{2C0A0EB6-0B03-4227-93F1-6873A9476A2A}.Release|Any CPU.ActiveCfg = Release|Any CPU
		{2C0A0EB6-0B03-4227-93F1-6873A9476A2A}.Release|Any CPU.Build.0 = Release|Any CPU
		{FB7DD189-2F62-4D6D-8109-78702E360ECE}.Debug|Any CPU.ActiveCfg = Debug|Any CPU
		{FB7DD189-2F62-4D6D-8109-78702E360ECE}.Debug|Any CPU.Build.0 = Debug|Any CPU
		{FB7DD189-2F62-4D6D-8109-78702E360ECE}.Release|Any CPU.ActiveCfg = Release|Any CPU
		{FB7DD189-2F62-4D6D-8109-78702E360ECE}.Release|Any CPU.Build.0 = Release|Any CPU
	EndGlobalSection
	GlobalSection(SolutionProperties) = preSolution
		HideSolutionNode = FALSE
	EndGlobalSection
	GlobalSection(ExtensibilityGlobals) = postSolution
		SolutionGuid = {185A0473-FBA5-4A66-83D0-10C2E383F1A1}
	EndGlobalSection
EndGlobal
