
Microsoft Visual Studio Solution File, Format Version 12.00
# Visual Studio Version 16
VisualStudioVersion = 16.0.32602.291
MinimumVisualStudioVersion = 10.0.40219.1
Project("{FAE04EC0-301F-11D3-BF4B-00C04F79EFBC}") = "CodeFirstApproachDemo1", "CodeFirstApproachDemo1.csproj", "{BC3BB9C0-AEF5-4688-BFD0-7C883C8569F7}"
EndProject
Project("{FAE04EC0-301F-11D3-BF4B-00C04F79EFBC}") = "EasyCRM.DAL", "..\EasyCRM.DAL\EasyCRM.DAL.csproj", "{03BEFC05-74E7-4C02-B23D-F094F8FE4AA5}"
EndProject
Global
	GlobalSection(SolutionConfigurationPlatforms) = preSolution
		Debug|Any CPU = Debug|Any CPU
		Release|Any CPU = Release|Any CPU
	EndGlobalSection
	GlobalSection(ProjectConfigurationPlatforms) = postSolution
		{BC3BB9C0-AEF5-4688-BFD0-7C883C8569F7}.Debug|Any CPU.ActiveCfg = Debug|Any CPU
		{BC3BB9C0-AEF5-4688-BFD0-7C883C8569F7}.Debug|Any CPU.Build.0 = Debug|Any CPU
		{BC3BB9C0-AEF5-4688-BFD0-7C883C8569F7}.Release|Any CPU.ActiveCfg = Release|Any CPU
		{BC3BB9C0-AEF5-4688-BFD0-7C883C8569F7}.Release|Any CPU.Build.0 = Release|Any CPU
		{03BEFC05-74E7-4C02-B23D-F094F8FE4AA5}.Debug|Any CPU.ActiveCfg = Debug|Any CPU
		{03BEFC05-74E7-4C02-B23D-F094F8FE4AA5}.Debug|Any CPU.Build.0 = Debug|Any CPU
		{03BEFC05-74E7-4C02-B23D-F094F8FE4AA5}.Release|Any CPU.ActiveCfg = Release|Any CPU
		{03BEFC05-74E7-4C02-B23D-F094F8FE4AA5}.Release|Any CPU.Build.0 = Release|Any CPU
	EndGlobalSection
	GlobalSection(SolutionProperties) = preSolution
		HideSolutionNode = FALSE
	EndGlobalSection
	GlobalSection(ExtensibilityGlobals) = postSolution
		SolutionGuid = {D54DCCFB-6558-4D33-BE05-09F5B8D6A12B}
	EndGlobalSection
EndGlobal
