
Microsoft Visual Studio Solution File, Format Version 12.00
# Visual Studio Version 16
VisualStudioVersion = 16.0.32602.291
MinimumVisualStudioVersion = 10.0.40219.1
Project("{FAE04EC0-301F-11D3-BF4B-00C04F79EFBC}") = "WebApplicationHelloWorld", "WebApplicationHelloWorld.csproj", "{947270B7-C4B9-482B-A562-49A04D581FAF}"
EndProject
Global
	GlobalSection(SolutionConfigurationPlatforms) = preSolution
		Debug|Any CPU = Debug|Any CPU
		Release|Any CPU = Release|Any CPU
	EndGlobalSection
	GlobalSection(ProjectConfigurationPlatforms) = postSolution
		{947270B7-C4B9-482B-A562-49A04D581FAF}.Debug|Any CPU.ActiveCfg = Debug|Any CPU
		{947270B7-C4B9-482B-A562-49A04D581FAF}.Debug|Any CPU.Build.0 = Debug|Any CPU
		{947270B7-C4B9-482B-A562-49A04D581FAF}.Release|Any CPU.ActiveCfg = Release|Any CPU
		{947270B7-C4B9-482B-A562-49A04D581FAF}.Release|Any CPU.Build.0 = Release|Any CPU
	EndGlobalSection
	GlobalSection(SolutionProperties) = preSolution
		HideSolutionNode = FALSE
	EndGlobalSection
	GlobalSection(ExtensibilityGlobals) = postSolution
		SolutionGuid = {79B819FC-1ED9-4CA0-9C04-408023C2FC4C}
	EndGlobalSection
EndGlobal
