
Microsoft Visual Studio Solution File, Format Version 12.00
# Visual Studio Version 16
VisualStudioVersion = 16.0.32602.291
MinimumVisualStudioVersion = 10.0.40219.1
Project("{FAE04EC0-301F-11D3-BF4B-00C04F79EFBC}") = "ReadOnlyGeekDemo", "ReadOnlyGeekDemo.csproj", "{92D3A8B8-29AA-41C6-AFE8-33167CE84118}"
EndProject
Global
	GlobalSection(SolutionConfigurationPlatforms) = preSolution
		Debug|Any CPU = Debug|Any CPU
		Release|Any CPU = Release|Any CPU
	EndGlobalSection
	GlobalSection(ProjectConfigurationPlatforms) = postSolution
		{92D3A8B8-29AA-41C6-AFE8-33167CE84118}.Debug|Any CPU.ActiveCfg = Debug|Any CPU
		{92D3A8B8-29AA-41C6-AFE8-33167CE84118}.Debug|Any CPU.Build.0 = Debug|Any CPU
		{92D3A8B8-29AA-41C6-AFE8-33167CE84118}.Release|Any CPU.ActiveCfg = Release|Any CPU
		{92D3A8B8-29AA-41C6-AFE8-33167CE84118}.Release|Any CPU.Build.0 = Release|Any CPU
	EndGlobalSection
	GlobalSection(SolutionProperties) = preSolution
		HideSolutionNode = FALSE
	EndGlobalSection
	GlobalSection(ExtensibilityGlobals) = postSolution
		SolutionGuid = {DD1681CB-65D9-4C3C-875A-516D3DA65C6E}
	EndGlobalSection
EndGlobal
