
Microsoft Visual Studio Solution File, Format Version 12.00
# Visual Studio Version 16
VisualStudioVersion = 16.0.32602.291
MinimumVisualStudioVersion = 10.0.40219.1
Project("{FAE04EC0-301F-11D3-BF4B-00C04F79EFBC}") = "twoTablesCodeFiestEF", "twoTablesCodeFiestEF.csproj", "{2FC78B58-AC53-462E-B862-5C6F59474EAC}"
EndProject
Global
	GlobalSection(SolutionConfigurationPlatforms) = preSolution
		Debug|Any CPU = Debug|Any CPU
		Release|Any CPU = Release|Any CPU
	EndGlobalSection
	GlobalSection(ProjectConfigurationPlatforms) = postSolution
		{2FC78B58-AC53-462E-B862-5C6F59474EAC}.Debug|Any CPU.ActiveCfg = Debug|Any CPU
		{2FC78B58-AC53-462E-B862-5C6F59474EAC}.Debug|Any CPU.Build.0 = Debug|Any CPU
		{2FC78B58-AC53-462E-B862-5C6F59474EAC}.Release|Any CPU.ActiveCfg = Release|Any CPU
		{2FC78B58-AC53-462E-B862-5C6F59474EAC}.Release|Any CPU.Build.0 = Release|Any CPU
	EndGlobalSection
	GlobalSection(SolutionProperties) = preSolution
		HideSolutionNode = FALSE
	EndGlobalSection
	GlobalSection(ExtensibilityGlobals) = postSolution
		SolutionGuid = {D9F4F62A-91C3-4F4B-8352-79B43C674937}
	EndGlobalSection
EndGlobal
