
Microsoft Visual Studio Solution File, Format Version 12.00
# Visual Studio Version 16
VisualStudioVersion = 16.0.32602.291
MinimumVisualStudioVersion = 10.0.40219.1
Project("{FAE04EC0-301F-11D3-BF4B-00C04F79EFBC}") = "DbFirstApproachPracticeCategoryProduct", "DbFirstApproachPracticeCategoryProduct.csproj", "{B15E02C5-AC02-45F5-BAA8-828BB220A096}"
EndProject
Global
	GlobalSection(SolutionConfigurationPlatforms) = preSolution
		Debug|Any CPU = Debug|Any CPU
		Release|Any CPU = Release|Any CPU
	EndGlobalSection
	GlobalSection(ProjectConfigurationPlatforms) = postSolution
		{B15E02C5-AC02-45F5-BAA8-828BB220A096}.Debug|Any CPU.ActiveCfg = Debug|Any CPU
		{B15E02C5-AC02-45F5-BAA8-828BB220A096}.Debug|Any CPU.Build.0 = Debug|Any CPU
		{B15E02C5-AC02-45F5-BAA8-828BB220A096}.Release|Any CPU.ActiveCfg = Release|Any CPU
		{B15E02C5-AC02-45F5-BAA8-828BB220A096}.Release|Any CPU.Build.0 = Release|Any CPU
	EndGlobalSection
	GlobalSection(SolutionProperties) = preSolution
		HideSolutionNode = FALSE
	EndGlobalSection
	GlobalSection(ExtensibilityGlobals) = postSolution
		SolutionGuid = {8FC55C87-B279-42DF-A104-36BCB0812106}
	EndGlobalSection
EndGlobal
