
Microsoft Visual Studio Solution File, Format Version 12.00
# Visual Studio Version 16
VisualStudioVersion = 16.0.32602.291
MinimumVisualStudioVersion = 10.0.40219.1
Project("{FAE04EC0-301F-11D3-BF4B-00C04F79EFBC}") = "GitDemo", "GitDemo.csproj", "{166559C5-032F-4762-9048-CD53096C3044}"
EndProject
Global
	GlobalSection(SolutionConfigurationPlatforms) = preSolution
		Debug|Any CPU = Debug|Any CPU
		Release|Any CPU = Release|Any CPU
	EndGlobalSection
	GlobalSection(ProjectConfigurationPlatforms) = postSolution
		{166559C5-032F-4762-9048-CD53096C3044}.Debug|Any CPU.ActiveCfg = Debug|Any CPU
		{166559C5-032F-4762-9048-CD53096C3044}.Debug|Any CPU.Build.0 = Debug|Any CPU
		{166559C5-032F-4762-9048-CD53096C3044}.Release|Any CPU.ActiveCfg = Release|Any CPU
		{166559C5-032F-4762-9048-CD53096C3044}.Release|Any CPU.Build.0 = Release|Any CPU
	EndGlobalSection
	GlobalSection(SolutionProperties) = preSolution
		HideSolutionNode = FALSE
	EndGlobalSection
	GlobalSection(ExtensibilityGlobals) = postSolution
		SolutionGuid = {21322F15-D40A-470A-A6B9-93440B7F43A9}
	EndGlobalSection
EndGlobal
