
Microsoft Visual Studio Solution File, Format Version 12.00
# Visual Studio Version 16
VisualStudioVersion = 16.0.32602.291
MinimumVisualStudioVersion = 10.0.40219.1
Project("{FAE04EC0-301F-11D3-BF4B-00C04F79EFBC}") = "LayeredDemo", "LayeredDemo.csproj", "{88B9DE3C-E83C-422C-A827-CFEC44BC86E2}"
EndProject
Global
	GlobalSection(SolutionConfigurationPlatforms) = preSolution
		Debug|Any CPU = Debug|Any CPU
		Release|Any CPU = Release|Any CPU
	EndGlobalSection
	GlobalSection(ProjectConfigurationPlatforms) = postSolution
		{88B9DE3C-E83C-422C-A827-CFEC44BC86E2}.Debug|Any CPU.ActiveCfg = Debug|Any CPU
		{88B9DE3C-E83C-422C-A827-CFEC44BC86E2}.Debug|Any CPU.Build.0 = Debug|Any CPU
		{88B9DE3C-E83C-422C-A827-CFEC44BC86E2}.Release|Any CPU.ActiveCfg = Release|Any CPU
		{88B9DE3C-E83C-422C-A827-CFEC44BC86E2}.Release|Any CPU.Build.0 = Release|Any CPU
	EndGlobalSection
	GlobalSection(SolutionProperties) = preSolution
		HideSolutionNode = FALSE
	EndGlobalSection
	GlobalSection(ExtensibilityGlobals) = postSolution
		SolutionGuid = {B5FA8902-0E3C-4829-9E1A-05B0F8C0B94A}
	EndGlobalSection
EndGlobal
