
Microsoft Visual Studio Solution File, Format Version 12.00
# Visual Studio Version 16
VisualStudioVersion = 16.0.32602.291
MinimumVisualStudioVersion = 10.0.40219.1
Project("{FAE04EC0-301F-11D3-BF4B-00C04F79EFBC}") = "WebApiTest", "WebApiTest.csproj", "{82B703C8-3285-4F43-BB13-DF52005904D7}"
EndProject
Project("{FAE04EC0-301F-11D3-BF4B-00C04F79EFBC}") = "WebApplication", "..\WebApplication\WebApplication.csproj", "{62F27040-CEBD-4843-A759-5B66D5A18B49}"
EndProject
Project("{FAE04EC0-301F-11D3-BF4B-00C04F79EFBC}") = "WebApplicationApi", "..\WebApplicationApi\WebApplicationApi.csproj", "{9268C177-B731-419B-81CC-A8A7F10FC99A}"
EndProject
Global
	GlobalSection(SolutionConfigurationPlatforms) = preSolution
		Debug|Any CPU = Debug|Any CPU
		Release|Any CPU = Release|Any CPU
	EndGlobalSection
	GlobalSection(ProjectConfigurationPlatforms) = postSolution
		{82B703C8-3285-4F43-BB13-DF52005904D7}.Debug|Any CPU.ActiveCfg = Debug|Any CPU
		{82B703C8-3285-4F43-BB13-DF52005904D7}.Debug|Any CPU.Build.0 = Debug|Any CPU
		{82B703C8-3285-4F43-BB13-DF52005904D7}.Release|Any CPU.ActiveCfg = Release|Any CPU
		{82B703C8-3285-4F43-BB13-DF52005904D7}.Release|Any CPU.Build.0 = Release|Any CPU
		{62F27040-CEBD-4843-A759-5B66D5A18B49}.Debug|Any CPU.ActiveCfg = Debug|Any CPU
		{62F27040-CEBD-4843-A759-5B66D5A18B49}.Debug|Any CPU.Build.0 = Debug|Any CPU
		{62F27040-CEBD-4843-A759-5B66D5A18B49}.Release|Any CPU.ActiveCfg = Release|Any CPU
		{62F27040-CEBD-4843-A759-5B66D5A18B49}.Release|Any CPU.Build.0 = Release|Any CPU
		{9268C177-B731-419B-81CC-A8A7F10FC99A}.Debug|Any CPU.ActiveCfg = Debug|Any CPU
		{9268C177-B731-419B-81CC-A8A7F10FC99A}.Debug|Any CPU.Build.0 = Debug|Any CPU
		{9268C177-B731-419B-81CC-A8A7F10FC99A}.Release|Any CPU.ActiveCfg = Release|Any CPU
		{9268C177-B731-419B-81CC-A8A7F10FC99A}.Release|Any CPU.Build.0 = Release|Any CPU
	EndGlobalSection
	GlobalSection(SolutionProperties) = preSolution
		HideSolutionNode = FALSE
	EndGlobalSection
	GlobalSection(ExtensibilityGlobals) = postSolution
		SolutionGuid = {3355A058-3450-4631-BBCA-6873C14A7661}
	EndGlobalSection
EndGlobal
