
Microsoft Visual Studio Solution File, Format Version 12.00
# Visual Studio Version 16
VisualStudioVersion = 16.0.32602.291
MinimumVisualStudioVersion = 10.0.40219.1
Project("{FAE04EC0-301F-11D3-BF4B-00C04F79EFBC}") = "LoginForm", "LoginForm.csproj", "{8E616954-0CD2-4A8C-A3C6-EEF81AE972DA}"
EndProject
Global
	GlobalSection(SolutionConfigurationPlatforms) = preSolution
		Debug|Any CPU = Debug|Any CPU
		Release|Any CPU = Release|Any CPU
	EndGlobalSection
	GlobalSection(ProjectConfigurationPlatforms) = postSolution
		{8E616954-0CD2-4A8C-A3C6-EEF81AE972DA}.Debug|Any CPU.ActiveCfg = Debug|Any CPU
		{8E616954-0CD2-4A8C-A3C6-EEF81AE972DA}.Debug|Any CPU.Build.0 = Debug|Any CPU
		{8E616954-0CD2-4A8C-A3C6-EEF81AE972DA}.Release|Any CPU.ActiveCfg = Release|Any CPU
		{8E616954-0CD2-4A8C-A3C6-EEF81AE972DA}.Release|Any CPU.Build.0 = Release|Any CPU
	EndGlobalSection
	GlobalSection(SolutionProperties) = preSolution
		HideSolutionNode = FALSE
	EndGlobalSection
	GlobalSection(ExtensibilityGlobals) = postSolution
		SolutionGuid = {7FE59694-7DFD-450B-AAE0-8CEA9CCB7277}
	EndGlobalSection
EndGlobal
