
Microsoft Visual Studio Solution File, Format Version 12.00
# Visual Studio Version 16
VisualStudioVersion = 16.0.32602.291
MinimumVisualStudioVersion = 10.0.40219.1
Project("{FAE04EC0-301F-11D3-BF4B-00C04F79EFBC}") = "Generic Delegates Practice", "Generic Delegates Practice.csproj", "{10C86B42-597F-4538-AE49-3801B7EDDECB}"
EndProject
Global
	GlobalSection(SolutionConfigurationPlatforms) = preSolution
		Debug|Any CPU = Debug|Any CPU
		Release|Any CPU = Release|Any CPU
	EndGlobalSection
	GlobalSection(ProjectConfigurationPlatforms) = postSolution
		{10C86B42-597F-4538-AE49-3801B7EDDECB}.Debug|Any CPU.ActiveCfg = Debug|Any CPU
		{10C86B42-597F-4538-AE49-3801B7EDDECB}.Debug|Any CPU.Build.0 = Debug|Any CPU
		{10C86B42-597F-4538-AE49-3801B7EDDECB}.Release|Any CPU.ActiveCfg = Release|Any CPU
		{10C86B42-597F-4538-AE49-3801B7EDDECB}.Release|Any CPU.Build.0 = Release|Any CPU
	EndGlobalSection
	GlobalSection(SolutionProperties) = preSolution
		HideSolutionNode = FALSE
	EndGlobalSection
	GlobalSection(ExtensibilityGlobals) = postSolution
		SolutionGuid = {FC75138B-DC52-421C-B4D8-76526845E29E}
	EndGlobalSection
EndGlobal
