
Microsoft Visual Studio Solution File, Format Version 12.00
# Visual Studio Version 16
VisualStudioVersion = 16.0.32602.291
MinimumVisualStudioVersion = 10.0.40219.1
Project("{FAE04EC0-301F-11D3-BF4B-00C04F79EFBC}") = "PracticeDelegate", "PracticeDelegate.csproj", "{CC3ADE67-0F3D-4427-B385-2F6BA787EB1A}"
EndProject
Global
	GlobalSection(SolutionConfigurationPlatforms) = preSolution
		Debug|Any CPU = Debug|Any CPU
		Release|Any CPU = Release|Any CPU
	EndGlobalSection
	GlobalSection(ProjectConfigurationPlatforms) = postSolution
		{CC3ADE67-0F3D-4427-B385-2F6BA787EB1A}.Debug|Any CPU.ActiveCfg = Debug|Any CPU
		{CC3ADE67-0F3D-4427-B385-2F6BA787EB1A}.Debug|Any CPU.Build.0 = Debug|Any CPU
		{CC3ADE67-0F3D-4427-B385-2F6BA787EB1A}.Release|Any CPU.ActiveCfg = Release|Any CPU
		{CC3ADE67-0F3D-4427-B385-2F6BA787EB1A}.Release|Any CPU.Build.0 = Release|Any CPU
	EndGlobalSection
	GlobalSection(SolutionProperties) = preSolution
		HideSolutionNode = FALSE
	EndGlobalSection
	GlobalSection(ExtensibilityGlobals) = postSolution
		SolutionGuid = {52119132-4340-4C0C-95AA-131414286DE4}
	EndGlobalSection
EndGlobal
