
Microsoft Visual Studio Solution File, Format Version 12.00
# Visual Studio Version 16
VisualStudioVersion = 16.0.32602.291
MinimumVisualStudioVersion = 10.0.40219.1
Project("{FAE04EC0-301F-11D3-BF4B-00C04F79EFBC}") = "GridViewEditButtonChange", "GridViewEditButtonChange.csproj", "{F38E0508-7B4E-4BC6-A5AC-34A43BCE96A0}"
EndProject
Global
	GlobalSection(SolutionConfigurationPlatforms) = preSolution
		Debug|Any CPU = Debug|Any CPU
		Release|Any CPU = Release|Any CPU
	EndGlobalSection
	GlobalSection(ProjectConfigurationPlatforms) = postSolution
		{F38E0508-7B4E-4BC6-A5AC-34A43BCE96A0}.Debug|Any CPU.ActiveCfg = Debug|Any CPU
		{F38E0508-7B4E-4BC6-A5AC-34A43BCE96A0}.Debug|Any CPU.Build.0 = Debug|Any CPU
		{F38E0508-7B4E-4BC6-A5AC-34A43BCE96A0}.Release|Any CPU.ActiveCfg = Release|Any CPU
		{F38E0508-7B4E-4BC6-A5AC-34A43BCE96A0}.Release|Any CPU.Build.0 = Release|Any CPU
	EndGlobalSection
	GlobalSection(SolutionProperties) = preSolution
		HideSolutionNode = FALSE
	EndGlobalSection
	GlobalSection(ExtensibilityGlobals) = postSolution
		SolutionGuid = {97A3A6F6-ECED-4757-990F-F5564CFB1A2A}
	EndGlobalSection
EndGlobal
