
Microsoft Visual Studio Solution File, Format Version 12.00
# Visual Studio Version 16
VisualStudioVersion = 16.0.32602.291
MinimumVisualStudioVersion = 10.0.40219.1
Project("{FAE04EC0-301F-11D3-BF4B-00C04F79EFBC}") = "OperatorOverloadingDemo", "OperatorOverloadingDemo.csproj", "{94BEB8B1-FA4B-48DF-9A36-DF2BD4E97BA7}"
EndProject
Global
	GlobalSection(SolutionConfigurationPlatforms) = preSolution
		Debug|Any CPU = Debug|Any CPU
		Release|Any CPU = Release|Any CPU
	EndGlobalSection
	GlobalSection(ProjectConfigurationPlatforms) = postSolution
		{94BEB8B1-FA4B-48DF-9A36-DF2BD4E97BA7}.Debug|Any CPU.ActiveCfg = Debug|Any CPU
		{94BEB8B1-FA4B-48DF-9A36-DF2BD4E97BA7}.Debug|Any CPU.Build.0 = Debug|Any CPU
		{94BEB8B1-FA4B-48DF-9A36-DF2BD4E97BA7}.Release|Any CPU.ActiveCfg = Release|Any CPU
		{94BEB8B1-FA4B-48DF-9A36-DF2BD4E97BA7}.Release|Any CPU.Build.0 = Release|Any CPU
	EndGlobalSection
	GlobalSection(SolutionProperties) = preSolution
		HideSolutionNode = FALSE
	EndGlobalSection
	GlobalSection(ExtensibilityGlobals) = postSolution
		SolutionGuid = {4BFE4A16-5738-4E8D-A943-3B1BCDDC6CF3}
	EndGlobalSection
EndGlobal
